
Microsoft Visual Studio Solution File, Format Version 12.00
# Visual Studio Version 16
VisualStudioVersion = 16.0.31105.61
MinimumVisualStudioVersion = 10.0.40219.1
Project("{C7167F0D-BC9F-4E6E-AFE1-012C56B48DB5}") = "App12Reunion (Package)", "App12Reunion (Package)\App12Reunion (Package).wapproj", "{7C040DBA-7D84-426B-A943-29C860AD3368}"
EndProject
Project("{9A19103F-16F7-4668-BE54-9A1E7A4F7556}") = "App12Reunion", "App12Reunion\App12Reunion.csproj", "{B9402F38-18C6-4D93-B9EC-01A6ADDA6300}"
EndProject
Project("{8BC9CEB8-8B4A-11D0-8D11-00A0C91BC942}") = "RuntimeComponentCpp", "RuntimeComponentCpp\RuntimeComponentCpp.vcxproj", "{69A0B6AC-2BFB-4C34-8AB4-2242FDD0A94B}"
EndProject
Project("{9A19103F-16F7-4668-BE54-9A1E7A4F7556}") = "SimpleMathProjection", "SimpleMathProjection\SimpleMathProjection.csproj", "{6AB399DB-C5C8-435A-81F5-DF118F935AC1}"
EndProject
Project("{9A19103F-16F7-4668-BE54-9A1E7A4F7556}") = "SimpleGeolocation", "SimpleGeolocation\SimpleGeolocation.csproj", "{1CB16EA7-8DCC-4393-8436-7105CC02A4B4}"
EndProject
Project("{8BC9CEB8-8B4A-11D0-8D11-00A0C91BC942}") = "CPPClassLibrary", "CPPClassLibrary\CPPClassLibrary.vcxproj", "{A6CD2779-B396-4F03-A396-BB03D73316A0}"
EndProject
Global
	GlobalSection(SolutionConfigurationPlatforms) = preSolution
		Debug|Any CPU = Debug|Any CPU
		Debug|ARM = Debug|ARM
		Debug|arm64 = Debug|arm64
		Debug|x64 = Debug|x64
		Debug|x86 = Debug|x86
		Release|Any CPU = Release|Any CPU
		Release|ARM = Release|ARM
		Release|arm64 = Release|arm64
		Release|x64 = Release|x64
		Release|x86 = Release|x86
	EndGlobalSection
	GlobalSection(ProjectConfigurationPlatforms) = postSolution
		{7C040DBA-7D84-426B-A943-29C860AD3368}.Debug|Any CPU.ActiveCfg = Debug|x86
		{7C040DBA-7D84-426B-A943-29C860AD3368}.Debug|ARM.ActiveCfg = Debug|x86
		{7C040DBA-7D84-426B-A943-29C860AD3368}.Debug|arm64.ActiveCfg = Debug|arm64
		{7C040DBA-7D84-426B-A943-29C860AD3368}.Debug|arm64.Build.0 = Debug|arm64
		{7C040DBA-7D84-426B-A943-29C860AD3368}.Debug|arm64.Deploy.0 = Debug|arm64
		{7C040DBA-7D84-426B-A943-29C860AD3368}.Debug|x64.ActiveCfg = Debug|x64
		{7C040DBA-7D84-426B-A943-29C860AD3368}.Debug|x64.Build.0 = Debug|x64
		{7C040DBA-7D84-426B-A943-29C860AD3368}.Debug|x64.Deploy.0 = Debug|x64
		{7C040DBA-7D84-426B-A943-29C860AD3368}.Debug|x86.ActiveCfg = Debug|x86
		{7C040DBA-7D84-426B-A943-29C860AD3368}.Debug|x86.Build.0 = Debug|x86
		{7C040DBA-7D84-426B-A943-29C860AD3368}.Debug|x86.Deploy.0 = Debug|x86
		{7C040DBA-7D84-426B-A943-29C860AD3368}.Release|Any CPU.ActiveCfg = Release|x86
		{7C040DBA-7D84-426B-A943-29C860AD3368}.Release|ARM.ActiveCfg = Release|x86
		{7C040DBA-7D84-426B-A943-29C860AD3368}.Release|arm64.ActiveCfg = Release|arm64
		{7C040DBA-7D84-426B-A943-29C860AD3368}.Release|arm64.Build.0 = Release|arm64
		{7C040DBA-7D84-426B-A943-29C860AD3368}.Release|arm64.Deploy.0 = Release|arm64
		{7C040DBA-7D84-426B-A943-29C860AD3368}.Release|x64.ActiveCfg = Release|x64
		{7C040DBA-7D84-426B-A943-29C860AD3368}.Release|x64.Build.0 = Release|x64
		{7C040DBA-7D84-426B-A943-29C860AD3368}.Release|x64.Deploy.0 = Release|x64
		{7C040DBA-7D84-426B-A943-29C860AD3368}.Release|x86.ActiveCfg = Release|x86
		{7C040DBA-7D84-426B-A943-29C860AD3368}.Release|x86.Build.0 = Release|x86
		{7C040DBA-7D84-426B-A943-29C860AD3368}.Release|x86.Deploy.0 = Release|x86
		{B9402F38-18C6-4D93-B9EC-01A6ADDA6300}.Debug|Any CPU.ActiveCfg = Debug|x86
		{B9402F38-18C6-4D93-B9EC-01A6ADDA6300}.Debug|ARM.ActiveCfg = Debug|x86
		{B9402F38-18C6-4D93-B9EC-01A6ADDA6300}.Debug|arm64.ActiveCfg = Debug|arm64
		{B9402F38-18C6-4D93-B9EC-01A6ADDA6300}.Debug|arm64.Build.0 = Debug|arm64
		{B9402F38-18C6-4D93-B9EC-01A6ADDA6300}.Debug|x64.ActiveCfg = Debug|x64
		{B9402F38-18C6-4D93-B9EC-01A6ADDA6300}.Debug|x64.Build.0 = Debug|x64
		{B9402F38-18C6-4D93-B9EC-01A6ADDA6300}.Debug|x86.ActiveCfg = Debug|x86
		{B9402F38-18C6-4D93-B9EC-01A6ADDA6300}.Debug|x86.Build.0 = Debug|x86
		{B9402F38-18C6-4D93-B9EC-01A6ADDA6300}.Release|Any CPU.ActiveCfg = Release|x86
		{B9402F38-18C6-4D93-B9EC-01A6ADDA6300}.Release|ARM.ActiveCfg = Release|x86
		{B9402F38-18C6-4D93-B9EC-01A6ADDA6300}.Release|arm64.ActiveCfg = Release|arm64
		{B9402F38-18C6-4D93-B9EC-01A6ADDA6300}.Release|arm64.Build.0 = Release|arm64
		{B9402F38-18C6-4D93-B9EC-01A6ADDA6300}.Release|x64.ActiveCfg = Release|x64
		{B9402F38-18C6-4D93-B9EC-01A6ADDA6300}.Release|x64.Build.0 = Release|x64
		{B9402F38-18C6-4D93-B9EC-01A6ADDA6300}.Release|x86.ActiveCfg = Release|x86
		{B9402F38-18C6-4D93-B9EC-01A6ADDA6300}.Release|x86.Build.0 = Release|x86
		{69A0B6AC-2BFB-4C34-8AB4-2242FDD0A94B}.Debug|Any CPU.ActiveCfg = Debug|Win32
		{69A0B6AC-2BFB-4C34-8AB4-2242FDD0A94B}.Debug|ARM.ActiveCfg = Debug|Win32
		{69A0B6AC-2BFB-4C34-8AB4-2242FDD0A94B}.Debug|arm64.ActiveCfg = Debug|arm64
		{69A0B6AC-2BFB-4C34-8AB4-2242FDD0A94B}.Debug|arm64.Build.0 = Debug|arm64
		{69A0B6AC-2BFB-4C34-8AB4-2242FDD0A94B}.Debug|x64.ActiveCfg = Debug|x64
		{69A0B6AC-2BFB-4C34-8AB4-2242FDD0A94B}.Debug|x64.Build.0 = Debug|x64
		{69A0B6AC-2BFB-4C34-8AB4-2242FDD0A94B}.Debug|x86.ActiveCfg = Debug|Win32
		{69A0B6AC-2BFB-4C34-8AB4-2242FDD0A94B}.Debug|x86.Build.0 = Debug|Win32
		{69A0B6AC-2BFB-4C34-8AB4-2242FDD0A94B}.Release|Any CPU.ActiveCfg = Release|Win32
		{69A0B6AC-2BFB-4C34-8AB4-2242FDD0A94B}.Release|ARM.ActiveCfg = Release|Win32
		{69A0B6AC-2BFB-4C34-8AB4-2242FDD0A94B}.Release|arm64.ActiveCfg = Release|arm64
		{69A0B6AC-2BFB-4C34-8AB4-2242FDD0A94B}.Release|arm64.Build.0 = Release|arm64
		{69A0B6AC-2BFB-4C34-8AB4-2242FDD0A94B}.Release|x64.ActiveCfg = Release|x64
		{69A0B6AC-2BFB-4C34-8AB4-2242FDD0A94B}.Release|x64.Build.0 = Release|x64
		{69A0B6AC-2BFB-4C34-8AB4-2242FDD0A94B}.Release|x86.ActiveCfg = Release|Win32
		{69A0B6AC-2BFB-4C34-8AB4-2242FDD0A94B}.Release|x86.Build.0 = Release|Win32
		{6AB399DB-C5C8-435A-81F5-DF118F935AC1}.Debug|Any CPU.ActiveCfg = Debug|Any CPU
		{6AB399DB-C5C8-435A-81F5-DF118F935AC1}.Debug|Any CPU.Build.0 = Debug|Any CPU
		{6AB399DB-C5C8-435A-81F5-DF118F935AC1}.Debug|ARM.ActiveCfg = Debug|Any CPU
		{6AB399DB-C5C8-435A-81F5-DF118F935AC1}.Debug|ARM.Build.0 = Debug|Any CPU
		{6AB399DB-C5C8-435A-81F5-DF118F935AC1}.Debug|arm64.ActiveCfg = Debug|Any CPU
		{6AB399DB-C5C8-435A-81F5-DF118F935AC1}.Debug|arm64.Build.0 = Debug|Any CPU
		{6AB399DB-C5C8-435A-81F5-DF118F935AC1}.Debug|x64.ActiveCfg = Debug|x64
		{6AB399DB-C5C8-435A-81F5-DF118F935AC1}.Debug|x64.Build.0 = Debug|x64
		{6AB399DB-C5C8-435A-81F5-DF118F935AC1}.Debug|x86.ActiveCfg = Debug|x86
		{6AB399DB-C5C8-435A-81F5-DF118F935AC1}.Debug|x86.Build.0 = Debug|x86
		{6AB399DB-C5C8-435A-81F5-DF118F935AC1}.Release|Any CPU.ActiveCfg = Release|Any CPU
		{6AB399DB-C5C8-435A-81F5-DF118F935AC1}.Release|Any CPU.Build.0 = Release|Any CPU
		{6AB399DB-C5C8-435A-81F5-DF118F935AC1}.Release|ARM.ActiveCfg = Release|Any CPU
		{6AB399DB-C5C8-435A-81F5-DF118F935AC1}.Release|ARM.Build.0 = Release|Any CPU
		{6AB399DB-C5C8-435A-81F5-DF118F935AC1}.Release|arm64.ActiveCfg = Release|Any CPU
		{6AB399DB-C5C8-435A-81F5-DF118F935AC1}.Release|arm64.Build.0 = Release|Any CPU
		{6AB399DB-C5C8-435A-81F5-DF118F935AC1}.Release|x64.ActiveCfg = Release|x64
		{6AB399DB-C5C8-435A-81F5-DF118F935AC1}.Release|x64.Build.0 = Release|x64
		{6AB399DB-C5C8-435A-81F5-DF118F935AC1}.Release|x86.ActiveCfg = Release|x86
		{6AB399DB-C5C8-435A-81F5-DF118F935AC1}.Release|x86.Build.0 = Release|x86
		{1CB16EA7-8DCC-4393-8436-7105CC02A4B4}.Debug|Any CPU.ActiveCfg = Debug|x86
		{1CB16EA7-8DCC-4393-8436-7105CC02A4B4}.Debug|ARM.ActiveCfg = Debug|x86
		{1CB16EA7-8DCC-4393-8436-7105CC02A4B4}.Debug|arm64.ActiveCfg = Debug|x86
		{1CB16EA7-8DCC-4393-8436-7105CC02A4B4}.Debug|x64.ActiveCfg = Debug|x64
		{1CB16EA7-8DCC-4393-8436-7105CC02A4B4}.Debug|x64.Build.0 = Debug|x64
		{1CB16EA7-8DCC-4393-8436-7105CC02A4B4}.Debug|x86.ActiveCfg = Debug|x86
		{1CB16EA7-8DCC-4393-8436-7105CC02A4B4}.Debug|x86.Build.0 = Debug|x86
		{1CB16EA7-8DCC-4393-8436-7105CC02A4B4}.Release|Any CPU.ActiveCfg = Release|x86
		{1CB16EA7-8DCC-4393-8436-7105CC02A4B4}.Release|ARM.ActiveCfg = Release|x86
		{1CB16EA7-8DCC-4393-8436-7105CC02A4B4}.Release|arm64.ActiveCfg = Release|x86
		{1CB16EA7-8DCC-4393-8436-7105CC02A4B4}.Release|x64.ActiveCfg = Release|x64
		{1CB16EA7-8DCC-4393-8436-7105CC02A4B4}.Release|x64.Build.0 = Release|x64
		{1CB16EA7-8DCC-4393-8436-7105CC02A4B4}.Release|x86.ActiveCfg = Release|x86
		{1CB16EA7-8DCC-4393-8436-7105CC02A4B4}.Release|x86.Build.0 = Release|x86
		{A6CD2779-B396-4F03-A396-BB03D73316A0}.Debug|Any CPU.ActiveCfg = Debug|Win32
		{A6CD2779-B396-4F03-A396-BB03D73316A0}.Debug|ARM.ActiveCfg = Debug|Win32
		{A6CD2779-B396-4F03-A396-BB03D73316A0}.Debug|arm64.ActiveCfg = Debug|Win32
		{A6CD2779-B396-4F03-A396-BB03D73316A0}.Debug|x64.ActiveCfg = Debug|x64
		{A6CD2779-B396-4F03-A396-BB03D73316A0}.Debug|x64.Build.0 = Debug|x64
		{A6CD2779-B396-4F03-A396-BB03D73316A0}.Debug|x86.ActiveCfg = Debug|Win32
		{A6CD2779-B396-4F03-A396-BB03D73316A0}.Debug|x86.Build.0 = Debug|Win32
		{A6CD2779-B396-4F03-A396-BB03D73316A0}.Release|Any CPU.ActiveCfg = Release|Win32
		{A6CD2779-B396-4F03-A396-BB03D73316A0}.Release|ARM.ActiveCfg = Release|Win32
		{A6CD2779-B396-4F03-A396-BB03D73316A0}.Release|arm64.ActiveCfg = Release|Win32
		{A6CD2779-B396-4F03-A396-BB03D73316A0}.Release|x64.ActiveCfg = Release|x64
		{A6CD2779-B396-4F03-A396-BB03D73316A0}.Release|x64.Build.0 = Release|x64
		{A6CD2779-B396-4F03-A396-BB03D73316A0}.Release|x86.ActiveCfg = Release|Win32
		{A6CD2779-B396-4F03-A396-BB03D73316A0}.Release|x86.Build.0 = Release|Win32
	EndGlobalSection
	GlobalSection(SolutionProperties) = preSolution
		HideSolutionNode = FALSE
	EndGlobalSection
	GlobalSection(ExtensibilityGlobals) = postSolution
		SolutionGuid = {70BC3CB6-8237-4120-A8A4-C52C67E08367}
	EndGlobalSection
EndGlobal
